<?xml version='1.0' encoding='UTF-8'?>
<Scheme LastUpgradeVersion="2660" version="1.7">
  <BuildAction parallelizeBuildables="YES" buildImplicitDependencies="YES">
    <BuildActionEntries>
      <BuildActionEntry buildForTesting="YES" buildForRunning="YES" buildForProfiling="YES" buildForArchiving="YES" buildForAnalyzing="YES">
        <BuildableReference BuildableIdentifier="primary" BlueprintIdentifier="908AFC681A6718AE0050EC0B" BuildableName="Race to Dog Mountain.app" BlueprintName="Race to Dog Mountain" ReferencedContainer="container:Race to Dog Mountain.xcodeproj">
            </BuildableReference>
      </BuildActionEntry>
    </BuildActionEntries>
  </BuildAction>
  <TestAction buildConfiguration="Debug" selectedDebuggerIdentifier="Xcode.DebuggerFoundation.Debugger.LLDB" selectedLauncherIdentifier="Xcode.DebuggerFoundation.Launcher.LLDB" shouldUseLaunchSchemeArgsEnv="YES" shouldAutocreateTestPlan="YES">
   </TestAction>
  <LaunchAction buildConfiguration="Debug" selectedDebuggerIdentifier="Xcode.DebuggerFoundation.Debugger.LLDB" selectedLauncherIdentifier="Xcode.DebuggerFoundation.Launcher.LLDB" launchStyle="0" useCustomWorkingDirectory="NO" ignoresPersistentStateOnLaunch="NO" debugDocumentVersioning="YES" debugServiceExtension="internal" allowLocationSimulation="YES" launchAutomaticallySubstyle="2">
    <RemoteRunnable runnableDebuggingMode="2" BundleIdentifier="com.apple.MobileSMS" RemotePath="/Applications/MobileSMS.app/MobileSMS">
      </RemoteRunnable>
    <MacroExpansion>
      <BuildableReference BuildableIdentifier="primary" BlueprintIdentifier="AAEA442FE80D48608D3CB314" BuildableName="Dog Mountain Messages.appex" BlueprintName="Dog Mountain Messages" ReferencedContainer="container:Race to Dog Mountain.xcodeproj" />
    </MacroExpansion>
  </LaunchAction>
  <ProfileAction buildConfiguration="Release" shouldUseLaunchSchemeArgsEnv="YES" savedToolIdentifier="" useCustomWorkingDirectory="NO" debugDocumentVersioning="YES">
   </ProfileAction>
  <AnalyzeAction buildConfiguration="Debug">
   </AnalyzeAction>
  <ArchiveAction buildConfiguration="Release" revealArchiveInOrganizer="YES">
   </ArchiveAction>
</Scheme>